Microsoft Visual Studio Solution File, Format Version 12.00
# Visual Studio Version 17
VisualStudioVersion = 17.5.2.0
MinimumVisualStudioVersion = 10.0.40219.1
Project("{FAE04EC0-301F-11D3-BF4B-00C04F79EFBC}") = "PSV", "PSV.csproj", "{03A29E3A-765D-59C4-6980-DD5701139D83}"
EndProject
Global
	GlobalSection(SolutionConfigurationPlatforms) = preSolution
		Debug|Any CPU = Debug|Any CPU
		Release|Any CPU = Release|Any CPU
	EndGlobalSection
	GlobalSection(ProjectConfigurationPlatforms) = postSolution
		{03A29E3A-765D-59C4-6980-DD5701139D83}.Debug|Any CPU.ActiveCfg = Debug|Any CPU
		{03A29E3A-765D-59C4-6980-DD5701139D83}.Debug|Any CPU.Build.0 = Debug|Any CPU
		{03A29E3A-765D-59C4-6980-DD5701139D83}.Release|Any CPU.ActiveCfg = Release|Any CPU
		{03A29E3A-765D-59C4-6980-DD5701139D83}.Release|Any CPU.Build.0 = Release|Any CPU
	EndGlobalSection
	GlobalSection(SolutionProperties) = preSolution
		HideSolutionNode = FALSE
	EndGlobalSection
	GlobalSection(ExtensibilityGlobals) = postSolution
		SolutionGuid = {ABA6E636-863B-47EE-909D-AA292FA237D8}
	EndGlobalSection
EndGlobal
